<?xml version="1.0" encoding="utf-8"?>
<Project ToolsVersion="4.0" xmlns="http://schemas.microsoft.com/developer/msbuild/2003">
  <ItemGroup>
    <ClCompile Include="FileInfo.cpp" />
    <ClCompile Include="Graphic_Device.cpp" />
    <ClCompile Include="Item.cpp" />
    <ClCompile Include="ItemTool.cpp" />
    <ClCompile Include="MainFrm.cpp" />
    <ClCompile Include="MFCTool.cpp" />
    <ClCompile Include="MFCToolDoc.cpp" />
    <ClCompile Include="MFCToolView.cpp" />
    <ClCompile Include="MonsterTool.cpp" />
    <ClCompile Include="Multi_Texture.cpp" />
    <ClCompile Include="MyFormView.cpp" />
    <ClCompile Include="Single_Texture.cpp" />
    <ClCompile Include="stdafx.cpp" />
    <ClCompile Include="Terrain.cpp" />
    <ClCompile Include="Texture.cpp" />
    <ClCompile Include="TextureMgr.cpp" />
    <ClCompile Include="TileTool.cpp" />
    <ClCompile Include="Monster.cpp" />
  </ItemGroup>
  <ItemGroup>
    <ClInclude Include="Define.h" />
    <ClInclude Include="FileInfo.h" />
    <ClInclude Include="Function.h" />
    <ClInclude Include="Graphic_Device.h" />
    <ClInclude Include="Item.h" />
    <ClInclude Include="ItemTool.h" />
    <ClInclude Include="MainFrm.h" />
    <ClInclude Include="MFCTool.h" />
    <ClInclude Include="MFCToolDoc.h" />
    <ClInclude Include="MFCToolView.h" />
    <ClInclude Include="MonsterTool.h" />
    <ClInclude Include="Multi_Texture.h" />
    <ClInclude Include="MyFormView.h" />
    <ClInclude Include="Resource.h" />
    <ClInclude Include="Single_Texture.h" />
    <ClInclude Include="stdafx.h" />
    <ClInclude Include="Struct.h" />
    <ClInclude Include="targetver.h" />
    <ClInclude Include="Extern.h" />
    <ClInclude Include="Terrain.h" />
    <ClInclude Include="Texture.h" />
    <ClInclude Include="TextureMgr.h" />
    <ClInclude Include="TileTool.h" />
    <ClInclude Include="Monster.h" />
  </ItemGroup>
  <ItemGroup>
    <ResourceCompile Include="MFCTool.rc" />
  </ItemGroup>
  <ItemGroup>
    <Image Include="res\MFCTool.ico" />
    <Image Include="res\MFCToolDoc.ico" />
    <Image Include="res\Toolbar.bmp" />
  </ItemGroup>
  <ItemGroup>
    <None Include="res\MFCTool.rc2" />
  </ItemGroup>
  <ItemGroup>
    <Text Include="ReadMe.txt" />
  </ItemGroup>
</Project>